// !$*UTF8*$!
{
	archiveVersion = 1;
	classes = {
	};
	objectVersion = 56;
	objects = {

/* Begin PBXBuildFile section */
		4D50C5862C30672500648A2A /* Config.plist in Resources */ = {isa = PBXBuildFile; fileRef = 4D50C5852C30672500648A2A /* Config.plist */; };
		4D50C5882C30675400648A2A /* Config.swift in Sources */ = {isa = PBXBuildFile; fileRef = 4D50C5872C30675400648A2A /* Config.swift */; };
		4D50C5912C342ECC00648A2A /* OpenAIService.swift in Sources */ = {isa = PBXBuildFile; fileRef = 4D50C58C2C342ECC00648A2A /* OpenAIService.swift */; };
		4D50C5922C342ECC00648A2A /* PromptTemplate.swift in Sources */ = {isa = PBXBuildFile; fileRef = 4D50C58D2C342ECC00648A2A /* PromptTemplate.swift */; };
		4D50C5962C342F9100648A2A /* SampleData.json in Resources */ = {isa = PBXBuildFile; fileRef = 4D50C5952C342F9100648A2A /* SampleData.json */; };
		4D50C5A62C358F3A00648A2A /* GoalEntity.swift in Sources */ = {isa = PBXBuildFile; fileRef = 4D50C5A52C358F3A00648A2A /* GoalEntity.swift */; };
		4D50C5A82C35915200648A2A /* GoalsViewModel.swift in Sources */ = {isa = PBXBuildFile; fileRef = 4D50C5A72C35915200648A2A /* GoalsViewModel.swift */; };
		4D50C5AA2C3592D700648A2A /* GoalsView.swift in Sources */ = {isa = PBXBuildFile; fileRef = 4D50C5A92C3592D700648A2A /* GoalsView.swift */; };
		4D50C5AC2C35AC4E00648A2A /* WelcomeView.swift in Sources */ = {isa = PBXBuildFile; fileRef = 4D50C5AB2C35AC4E00648A2A /* WelcomeView.swift */; };
		4D50C5CB2C37C23A00648A2A /* TaskEntity+CoreDataClass.swift in Sources */ = {isa = PBXBuildFile; fileRef = 4D50C5C72C37C23A00648A2A /* TaskEntity+CoreDataClass.swift */; };
		4D50C5CC2C37C23A00648A2A /* TaskEntity+CoreDataProperties.swift in Sources */ = {isa = PBXBuildFile; fileRef = 4D50C5C82C37C23A00648A2A /* TaskEntity+CoreDataProperties.swift */; };
		4D50C5CD2C37C23A00648A2A /* ListEntity+CoreDataClass.swift in Sources */ = {isa = PBXBuildFile; fileRef = 4D50C5C92C37C23A00648A2A /* ListEntity+CoreDataClass.swift */; };
		4D50C5CE2C37C23A00648A2A /* ListEntity+CoreDataProperties.swift in Sources */ = {isa = PBXBuildFile; fileRef = 4D50C5CA2C37C23A00648A2A /* ListEntity+CoreDataProperties.swift */; };
		5C363D312C359D2100B2ED0B /* SavedListsView.swift in Sources */ = {isa = PBXBuildFile; fileRef = 5C363D302C359D2100B2ED0B /* SavedListsView.swift */; };
		5C363D332C359D3800B2ED0B /* SavedListsViewModel.swift in Sources */ = {isa = PBXBuildFile; fileRef = 5C363D322C359D3800B2ED0B /* SavedListsViewModel.swift */; };
		5C363D352C35A00300B2ED0B /* TaskListView.swift in Sources */ = {isa = PBXBuildFile; fileRef = 5C363D342C35A00300B2ED0B /* TaskListView.swift */; };
		5C56460A2C2B10D100956423 /* akaPrepApp.swift in Sources */ = {isa = PBXBuildFile; fileRef = 5C5646092C2B10D100956423 /* akaPrepApp.swift */; };
		5C56460C2C2B10D100956423 /* ContentView.swift in Sources */ = {isa = PBXBuildFile; fileRef = 5C56460B2C2B10D100956423 /* ContentView.swift */; };
		5C56460E2C2B10D200956423 /* Assets.xcassets in Resources */ = {isa = PBXBuildFile; fileRef = 5C56460D2C2B10D200956423 /* Assets.xcassets */; };
		5C5646112C2B10D200956423 /* Preview Assets.xcassets in Resources */ = {isa = PBXBuildFile; fileRef = 5C5646102C2B10D200956423 /* Preview Assets.xcassets */; };
		5C5646132C2B10D200956423 /* Persistence.swift in Sources */ = {isa = PBXBuildFile; fileRef = 5C5646122C2B10D200956423 /* Persistence.swift */; };
		5C5646162C2B10D200956423 /* akaPrep.xcdatamodeld in Sources */ = {isa = PBXBuildFile; fileRef = 5C5646142C2B10D200956423 /* akaPrep.xcdatamodeld */; };
		5C5646202C2B10D200956423 /* akaPrepTests.swift in Sources */ = {isa = PBXBuildFile; fileRef = 5C56461F2C2B10D200956423 /* akaPrepTests.swift */; };
		5C56462A2C2B10D200956423 /* akaPrepUITests.swift in Sources */ = {isa = PBXBuildFile; fileRef = 5C5646292C2B10D200956423 /* akaPrepUITests.swift */; };
		5C56462C2C2B10D200956423 /* akaPrepUITestsLaunchTests.swift in Sources */ = {isa = PBXBuildFile; fileRef = 5C56462B2C2B10D200956423 /* akaPrepUITestsLaunchTests.swift */; };
		5C5646462C2C417400956423 /* NewTaskViewViewModel.swift in Sources */ = {isa = PBXBuildFile; fileRef = 5C5646452C2C417400956423 /* NewTaskViewViewModel.swift */; };
		5CB608C02C2C4770003DB576 /* AddNewTaskView.swift in Sources */ = {isa = PBXBuildFile; fileRef = 5CB608BF2C2C4770003DB576 /* AddNewTaskView.swift */; };
		5CB608C32C2C4B0E003DB576 /* Utilities.swift in Sources */ = {isa = PBXBuildFile; fileRef = 5CB608C22C2C4B0E003DB576 /* Utilities.swift */; };
		5CB608C52C2C4DD1003DB576 /* TasksView.swift in Sources */ = {isa = PBXBuildFile; fileRef = 5CB608C42C2C4DD1003DB576 /* TasksView.swift */; };
		5CB608C72C2C4DE7003DB576 /* TasksViewModel.swift in Sources */ = {isa = PBXBuildFile; fileRef = 5CB608C62C2C4DE7003DB576 /* TasksViewModel.swift */; };
		5CB608D52C302D21003DB576 /* ProfileEntity.swift in Sources */ = {isa = PBXBuildFile; fileRef = 5CB608D42C302D21003DB576 /* ProfileEntity.swift */; };
		5CB608D72C303729003DB576 /* BabyEntity.swift in Sources */ = {isa = PBXBuildFile; fileRef = 5CB608D62C303729003DB576 /* BabyEntity.swift */; };
		5CB608D92C303F83003DB576 /* BottomBarView.swift in Sources */ = {isa = PBXBuildFile; fileRef = 5CB608D82C303F83003DB576 /* BottomBarView.swift */; };
		5CB608DD2C32E4A2003DB576 /* ProfileCardView.swift in Sources */ = {isa = PBXBuildFile; fileRef = 5CB608DC2C32E4A2003DB576 /* ProfileCardView.swift */; };
		5CB608E12C33FF75003DB576 /* PersonalInfoView.swift in Sources */ = {isa = PBXBuildFile; fileRef = 5CB608E02C33FF75003DB576 /* PersonalInfoView.swift */; };
		5CB608E32C3405F2003DB576 /* YearMonthPickerView.swift in Sources */ = {isa = PBXBuildFile; fileRef = 5CB608E22C3405F2003DB576 /* YearMonthPickerView.swift */; };
		5CB608E52C342999003DB576 /* Enums.swift in Sources */ = {isa = PBXBuildFile; fileRef = 5CB608E42C342999003DB576 /* Enums.swift */; };
		5CB608E92C342A13003DB576 /* Localizable.strings in Resources */ = {isa = PBXBuildFile; fileRef = 5CB608E72C342A13003DB576 /* Localizable.strings */; };
		5CB608EB2C343C92003DB576 /* PersonalInfoViewModel.swift in Sources */ = {isa = PBXBuildFile; fileRef = 5CB608EA2C343C92003DB576 /* PersonalInfoViewModel.swift */; };
		5CB608F22C354F3A003DB576 /* BabyInfoView.swift in Sources */ = {isa = PBXBuildFile; fileRef = 5CB608F12C354F3A003DB576 /* BabyInfoView.swift */; };
		5CB608F42C354F66003DB576 /* BabyInfoViewModel.swift in Sources */ = {isa = PBXBuildFile; fileRef = 5CB608F32C354F66003DB576 /* BabyInfoViewModel.swift */; };
		5CB609072C35557B003DB576 /* ProfileView.swift in Sources */ = {isa = PBXBuildFile; fileRef = 5CB608DA2C306403003DB576 /* ProfileView.swift */; };
		5CBEDD082C3589C000EC60F1 /* CoreDataCheckView.swift in Sources */ = {isa = PBXBuildFile; fileRef = 5CBEDD072C3589C000EC60F1 /* CoreDataCheckView.swift */; };
/* End PBXBuildFile section */

/* Begin PBXContainerItemProxy section */
		5C56461C2C2B10D200956423 /* PBXContainerItemProxy */ = {
			isa = PBXContainerItemProxy;
			containerPortal = 5C5645FE2C2B10D100956423 /* Project object */;
			proxyType = 1;
			remoteGlobalIDString = 5C5646052C2B10D100956423;
			remoteInfo = akaPrep;
		};
		5C5646262C2B10D200956423 /* PBXContainerItemProxy */ = {
			isa = PBXContainerItemProxy;
			containerPortal = 5C5645FE2C2B10D100956423 /* Project object */;
			proxyType = 1;
			remoteGlobalIDString = 5C5646052C2B10D100956423;
			remoteInfo = akaPrep;
		};
/* End PBXContainerItemProxy section */

/* Begin PBXFileReference section */
		4D50C5852C30672500648A2A /* Config.plist */ = {isa = PBXFileReference; lastKnownFileType = text.plist.xml; path = Config.plist; sourceTree = "<group>"; };
		4D50C5872C30675400648A2A /* Config.swift */ = {isa = PBXFileReference; lastKnownFileType = sourcecode.swift; path = Config.swift; sourceTree = "<group>"; };
		4D50C58C2C342ECC00648A2A /* OpenAIService.swift */ = {isa = PBXFileReference; fileEncoding = 4; lastKnownFileType = sourcecode.swift; path = OpenAIService.swift; sourceTree = "<group>"; };
		4D50C58D2C342ECC00648A2A /* PromptTemplate.swift */ = {isa = PBXFileReference; fileEncoding = 4; lastKnownFileType = sourcecode.swift; path = PromptTemplate.swift; sourceTree = "<group>"; };
		4D50C5952C342F9100648A2A /* SampleData.json */ = {isa = PBXFileReference; lastKnownFileType = text.json; path = SampleData.json; sourceTree = "<group>"; };
		4D50C5A52C358F3A00648A2A /* GoalEntity.swift */ = {isa = PBXFileReference; lastKnownFileType = sourcecode.swift; path = GoalEntity.swift; sourceTree = "<group>"; };
		4D50C5A72C35915200648A2A /* GoalsViewModel.swift */ = {isa = PBXFileReference; lastKnownFileType = sourcecode.swift; path = GoalsViewModel.swift; sourceTree = "<group>"; };
		4D50C5A92C3592D700648A2A /* GoalsView.swift */ = {isa = PBXFileReference; lastKnownFileType = sourcecode.swift; path = GoalsView.swift; sourceTree = "<group>"; };
		4D50C5AB2C35AC4E00648A2A /* WelcomeView.swift */ = {isa = PBXFileReference; lastKnownFileType = sourcecode.swift; path = WelcomeView.swift; sourceTree = "<group>"; };
		4D50C5C72C37C23A00648A2A /* TaskEntity+CoreDataClass.swift */ = {isa = PBXFileReference; lastKnownFileType = sourcecode.swift; path = "TaskEntity+CoreDataClass.swift"; sourceTree = "<group>"; };
		4D50C5C82C37C23A00648A2A /* TaskEntity+CoreDataProperties.swift */ = {isa = PBXFileReference; lastKnownFileType = sourcecode.swift; path = "TaskEntity+CoreDataProperties.swift"; sourceTree = "<group>"; };
		4D50C5C92C37C23A00648A2A /* ListEntity+CoreDataClass.swift */ = {isa = PBXFileReference; lastKnownFileType = sourcecode.swift; path = "ListEntity+CoreDataClass.swift"; sourceTree = "<group>"; };
		4D50C5CA2C37C23A00648A2A /* ListEntity+CoreDataProperties.swift */ = {isa = PBXFileReference; lastKnownFileType = sourcecode.swift; path = "ListEntity+CoreDataProperties.swift"; sourceTree = "<group>"; };
		5C363D302C359D2100B2ED0B /* SavedListsView.swift */ = {isa = PBXFileReference; lastKnownFileType = sourcecode.swift; path = SavedListsView.swift; sourceTree = "<group>"; };
		5C363D322C359D3800B2ED0B /* SavedListsViewModel.swift */ = {isa = PBXFileReference; lastKnownFileType = sourcecode.swift; path = SavedListsViewModel.swift; sourceTree = "<group>"; };
		5C363D342C35A00300B2ED0B /* TaskListView.swift */ = {isa = PBXFileReference; lastKnownFileType = sourcecode.swift; path = TaskListView.swift; sourceTree = "<group>"; };
		5C5646062C2B10D100956423 /* akaPrep.app */ = {isa = PBXFileReference; explicitFileType = wrapper.application; includeInIndex = 0; path = akaPrep.app; sourceTree = BUILT_PRODUCTS_DIR; };
		5C5646092C2B10D100956423 /* akaPrepApp.swift */ = {isa = PBXFileReference; lastKnownFileType = sourcecode.swift; path = akaPrepApp.swift; sourceTree = "<group>"; };
		5C56460B2C2B10D100956423 /* ContentView.swift */ = {isa = PBXFileReference; lastKnownFileType = sourcecode.swift; path = ContentView.swift; sourceTree = "<group>"; };
		5C56460D2C2B10D200956423 /* Assets.xcassets */ = {isa = PBXFileReference; lastKnownFileType = folder.assetcatalog; path = Assets.xcassets; sourceTree = "<group>"; };
		5C5646102C2B10D200956423 /* Preview Assets.xcassets */ = {isa = PBXFileReference; lastKnownFileType = folder.assetcatalog; path = "Preview Assets.xcassets"; sourceTree = "<group>"; };
		5C5646122C2B10D200956423 /* Persistence.swift */ = {isa = PBXFileReference; lastKnownFileType = sourcecode.swift; path = Persistence.swift; sourceTree = "<group>"; };
		5C5646152C2B10D200956423 /* akaPrep.xcdatamodel */ = {isa = PBXFileReference; lastKnownFileType = wrapper.xcdatamodel; path = akaPrep.xcdatamodel; sourceTree = "<group>"; };
		5C56461B2C2B10D200956423 /* akaPrepTests.xctest */ = {isa = PBXFileReference; explicitFileType = wrapper.cfbundle; includeInIndex = 0; path = akaPrepTests.xctest; sourceTree = BUILT_PRODUCTS_DIR; };
		5C56461F2C2B10D200956423 /* akaPrepTests.swift */ = {isa = PBXFileReference; lastKnownFileType = sourcecode.swift; path = akaPrepTests.swift; sourceTree = "<group>"; };
		5C5646252C2B10D200956423 /* akaPrepUITests.xctest */ = {isa = PBXFileReference; explicitFileType = wrapper.cfbundle; includeInIndex = 0; path = akaPrepUITests.xctest; sourceTree = BUILT_PRODUCTS_DIR; };
		5C5646292C2B10D200956423 /* akaPrepUITests.swift */ = {isa = PBXFileReference; lastKnownFileType = sourcecode.swift; path = akaPrepUITests.swift; sourceTree = "<group>"; };
		5C56462B2C2B10D200956423 /* akaPrepUITestsLaunchTests.swift */ = {isa = PBXFileReference; lastKnownFileType = sourcecode.swift; path = akaPrepUITestsLaunchTests.swift; sourceTree = "<group>"; };
		5C5646452C2C417400956423 /* NewTaskViewViewModel.swift */ = {isa = PBXFileReference; lastKnownFileType = sourcecode.swift; path = NewTaskViewViewModel.swift; sourceTree = "<group>"; };
		5CB608BF2C2C4770003DB576 /* AddNewTaskView.swift */ = {isa = PBXFileReference; lastKnownFileType = sourcecode.swift; path = AddNewTaskView.swift; sourceTree = "<group>"; };
		5CB608C22C2C4B0E003DB576 /* Utilities.swift */ = {isa = PBXFileReference; lastKnownFileType = sourcecode.swift; path = Utilities.swift; sourceTree = "<group>"; };
		5CB608C42C2C4DD1003DB576 /* TasksView.swift */ = {isa = PBXFileReference; lastKnownFileType = sourcecode.swift; path = TasksView.swift; sourceTree = "<group>"; };
		5CB608C62C2C4DE7003DB576 /* TasksViewModel.swift */ = {isa = PBXFileReference; lastKnownFileType = sourcecode.swift; path = TasksViewModel.swift; sourceTree = "<group>"; };
		5CB608D42C302D21003DB576 /* ProfileEntity.swift */ = {isa = PBXFileReference; lastKnownFileType = sourcecode.swift; path = ProfileEntity.swift; sourceTree = "<group>"; };
		5CB608D62C303729003DB576 /* BabyEntity.swift */ = {isa = PBXFileReference; lastKnownFileType = sourcecode.swift; path = BabyEntity.swift; sourceTree = "<group>"; };
		5CB608D82C303F83003DB576 /* BottomBarView.swift */ = {isa = PBXFileReference; lastKnownFileType = sourcecode.swift; path = BottomBarView.swift; sourceTree = "<group>"; };
		5CB608DA2C306403003DB576 /* ProfileView.swift */ = {isa = PBXFileReference; lastKnownFileType = sourcecode.swift; path = ProfileView.swift; sourceTree = "<group>"; };
		5CB608DC2C32E4A2003DB576 /* ProfileCardView.swift */ = {isa = PBXFileReference; lastKnownFileType = sourcecode.swift; path = ProfileCardView.swift; sourceTree = "<group>"; };
		5CB608E02C33FF75003DB576 /* PersonalInfoView.swift */ = {isa = PBXFileReference; lastKnownFileType = sourcecode.swift; path = PersonalInfoView.swift; sourceTree = "<group>"; };
		5CB608E22C3405F2003DB576 /* YearMonthPickerView.swift */ = {isa = PBXFileReference; lastKnownFileType = sourcecode.swift; path = YearMonthPickerView.swift; sourceTree = "<group>"; };
		5CB608E42C342999003DB576 /* Enums.swift */ = {isa = PBXFileReference; lastKnownFileType = sourcecode.swift; path = Enums.swift; sourceTree = "<group>"; };
		5CB608E82C342A13003DB576 /* en */ = {isa = PBXFileReference; lastKnownFileType = text.plist.strings; name = en; path = en.lproj/Localizable.strings; sourceTree = "<group>"; };
		5CB608EA2C343C92003DB576 /* PersonalInfoViewModel.swift */ = {isa = PBXFileReference; lastKnownFileType = sourcecode.swift; path = PersonalInfoViewModel.swift; sourceTree = "<group>"; };
		5CB608F12C354F3A003DB576 /* BabyInfoView.swift */ = {isa = PBXFileReference; lastKnownFileType = sourcecode.swift; path = BabyInfoView.swift; sourceTree = "<group>"; };
		5CB608F32C354F66003DB576 /* BabyInfoViewModel.swift */ = {isa = PBXFileReference; lastKnownFileType = sourcecode.swift; path = BabyInfoViewModel.swift; sourceTree = "<group>"; };
		5CBEDD072C3589C000EC60F1 /* CoreDataCheckView.swift */ = {isa = PBXFileReference; lastKnownFileType = sourcecode.swift; path = CoreDataCheckView.swift; sourceTree = "<group>"; };
/* End PBXFileReference section */

/* Begin PBXFrameworksBuildPhase section */
		5C5646032C2B10D100956423 /* Frameworks */ = {
			isa = PBXFrameworksBuildPhase;
			buildActionMask = 2147483647;
			files = (
			);
			runOnlyForDeploymentPostprocessing = 0;
		};
		5C5646182C2B10D200956423 /* Frameworks */ = {
			isa = PBXFrameworksBuildPhase;
			buildActionMask = 2147483647;
			files = (
			);
			runOnlyForDeploymentPostprocessing = 0;
		};
		5C5646222C2B10D200956423 /* Frameworks */ = {
			isa = PBXFrameworksBuildPhase;
			buildActionMask = 2147483647;
			files = (
			);
			runOnlyForDeploymentPostprocessing = 0;
		};
/* End PBXFrameworksBuildPhase section */

/* Begin PBXGroup section */
		4D50C5802C30663700648A2A /* Services */ = {
			isa = PBXGroup;
			children = (
			);
			path = Services;
			sourceTree = "<group>";
		};
		5C5645FD2C2B10D100956423 = {
			isa = PBXGroup;
			children = (
				4D50C5852C30672500648A2A /* Config.plist */,
				5C5646082C2B10D100956423 /* akaPrep */,
				5C56461E2C2B10D200956423 /* akaPrepTests */,
				5C5646282C2B10D200956423 /* akaPrepUITests */,
				5C5646072C2B10D100956423 /* Products */,
			);
			sourceTree = "<group>";
		};
		5C5646072C2B10D100956423 /* Products */ = {
			isa = PBXGroup;
			children = (
				5C5646062C2B10D100956423 /* akaPrep.app */,
				5C56461B2C2B10D200956423 /* akaPrepTests.xctest */,
				5C5646252C2B10D200956423 /* akaPrepUITests.xctest */,
			);
			name = Products;
			sourceTree = "<group>";
		};
		5C5646082C2B10D100956423 /* akaPrep */ = {
			isa = PBXGroup;
			children = (
				5CBEDD062C355BB700EC60F1 /* ProjectFiles */,
				5CB608EC2C34462A003DB576 /* Features */,
				5CB608E62C3429DA003DB576 /* Resources */,
				4D50C5802C30663700648A2A /* Services */,
				5CB608C12C2C4938003DB576 /* Utilities */,
				5C5646382C2B12BF00956423 /* CoreData */,
				5C56460D2C2B10D200956423 /* Assets.xcassets */,
				5C56460F2C2B10D200956423 /* Preview Content */,
				4D50C5872C30675400648A2A /* Config.swift */,
			);
			path = akaPrep;
			sourceTree = "<group>";
		};
		5C56460F2C2B10D200956423 /* Preview Content */ = {
			isa = PBXGroup;
			children = (
				5C5646102C2B10D200956423 /* Preview Assets.xcassets */,
			);
			path = "Preview Content";
			sourceTree = "<group>";
		};
		5C56461E2C2B10D200956423 /* akaPrepTests */ = {
			isa = PBXGroup;
			children = (
				5C56461F2C2B10D200956423 /* akaPrepTests.swift */,
			);
			path = akaPrepTests;
			sourceTree = "<group>";
		};
		5C5646282C2B10D200956423 /* akaPrepUITests */ = {
			isa = PBXGroup;
			children = (
				5C5646292C2B10D200956423 /* akaPrepUITests.swift */,
				5C56462B2C2B10D200956423 /* akaPrepUITestsLaunchTests.swift */,
			);
			path = akaPrepUITests;
			sourceTree = "<group>";
		};
		5C5646382C2B12BF00956423 /* CoreData */ = {
			isa = PBXGroup;
			children = (
				5C5646122C2B10D200956423 /* Persistence.swift */,
				5C5646142C2B10D200956423 /* akaPrep.xcdatamodeld */,
			);
			path = CoreData;
			sourceTree = "<group>";
		};
		5C951C192C355A1D00D65222 /* BottomBar */ = {
			isa = PBXGroup;
			children = (
				5C951C1A2C355A3200D65222 /* Screens */,
			);
			path = BottomBar;
			sourceTree = "<group>";
		};
		5C951C1A2C355A3200D65222 /* Screens */ = {
			isa = PBXGroup;
			children = (
				5CB608D82C303F83003DB576 /* BottomBarView.swift */,
			);
			path = Screens;
			sourceTree = "<group>";
		};
		5CB608C12C2C4938003DB576 /* Utilities */ = {
			isa = PBXGroup;
			children = (
				5CB608C22C2C4B0E003DB576 /* Utilities.swift */,
			);
			path = Utilities;
			sourceTree = "<group>";
		};
		5CB608E62C3429DA003DB576 /* Resources */ = {
			isa = PBXGroup;
			children = (
				5CB608E42C342999003DB576 /* Enums.swift */,
				5CB608E72C342A13003DB576 /* Localizable.strings */,
			);
			path = Resources;
			sourceTree = "<group>";
		};
		5CB608EC2C34462A003DB576 /* Features */ = {
			isa = PBXGroup;
			children = (
				5C951C192C355A1D00D65222 /* BottomBar */,
				5CB608F02C34468A003DB576 /* SavedLists */,
				5CB608EF2C344685003DB576 /* Goals */,
				5CB608EE2C34464D003DB576 /* Profile */,
				5CB608ED2C344645003DB576 /* Tasks */,
			);
			path = Features;
			sourceTree = "<group>";
		};
		5CB608ED2C344645003DB576 /* Tasks */ = {
			isa = PBXGroup;
			children = (
				5CB609052C3553C3003DB576 /* Views */,
				5CB609042C3553BD003DB576 /* ViewModels */,
				5CB609032C3553B8003DB576 /* Screens */,
				5CB609022C3553B3003DB576 /* Models */,
				5CB609012C3553AC003DB576 /* Actions */,
			);
			path = Tasks;
			sourceTree = "<group>";
		};
		5CB608EE2C34464D003DB576 /* Profile */ = {
			isa = PBXGroup;
			children = (
				5CB608F82C3552FA003DB576 /* ViewModels */,
				5CB608F72C3552F3003DB576 /* Screens */,
				5CB608F62C3552EE003DB576 /* Models */,
				5CB608F52C3552E6003DB576 /* Views */,
			);
			path = Profile;
			sourceTree = "<group>";
		};
		5CB608EF2C344685003DB576 /* Goals */ = {
			isa = PBXGroup;
			children = (
				5CB608FC2C355383003DB576 /* Views */,
				5CB608FB2C35537D003DB576 /* ViewModels */,
				5CB608FA2C355377003DB576 /* Screens */,
				5CB608F92C35536F003DB576 /* Models */,
			);
			path = Goals;
			sourceTree = "<group>";
		};
		5CB608F02C34468A003DB576 /* SavedLists */ = {
			isa = PBXGroup;
			children = (
				5CB609002C35539E003DB576 /* ViewModels */,
				5CB608FF2C355393003DB576 /* Views */,
				5CB608FE2C35538E003DB576 /* Screens */,
				5CB608FD2C355389003DB576 /* Models */,
			);
			path = SavedLists;
			sourceTree = "<group>";
		};
		5CB608F52C3552E6003DB576 /* Views */ = {
			isa = PBXGroup;
			children = (
				5CB608DC2C32E4A2003DB576 /* ProfileCardView.swift */,
				5CB608E22C3405F2003DB576 /* YearMonthPickerView.swift */,
			);
			path = Views;
			sourceTree = "<group>";
		};
		5CB608F62C3552EE003DB576 /* Models */ = {
			isa = PBXGroup;
			children = (
				5CB608D42C302D21003DB576 /* ProfileEntity.swift */,
				5CB608D62C303729003DB576 /* BabyEntity.swift */,
			);
			path = Models;
			sourceTree = "<group>";
		};
		5CB608F72C3552F3003DB576 /* Screens */ = {
			isa = PBXGroup;
			children = (
				5CB608DA2C306403003DB576 /* ProfileView.swift */,
				5CB608E02C33FF75003DB576 /* PersonalInfoView.swift */,
				5CB608F12C354F3A003DB576 /* BabyInfoView.swift */,
			);
			path = Screens;
			sourceTree = "<group>";
		};
		5CB608F82C3552FA003DB576 /* ViewModels */ = {
			isa = PBXGroup;
			children = (
				5CB608EA2C343C92003DB576 /* PersonalInfoViewModel.swift */,
				5CB608F32C354F66003DB576 /* BabyInfoViewModel.swift */,
			);
			path = ViewModels;
			sourceTree = "<group>";
		};
		5CB608F92C35536F003DB576 /* Models */ = {
			isa = PBXGroup;
			children = (
				4D50C5A52C358F3A00648A2A /* GoalEntity.swift */,
			);
			path = Models;
			sourceTree = "<group>";
		};
		5CB608FA2C355377003DB576 /* Screens */ = {
			isa = PBXGroup;
			children = (
				4D50C5A92C3592D700648A2A /* GoalsView.swift */,
			);
			path = Screens;
			sourceTree = "<group>";
		};
		5CB608FB2C35537D003DB576 /* ViewModels */ = {
			isa = PBXGroup;
			children = (
				4D50C5A72C35915200648A2A /* GoalsViewModel.swift */,
			);
			path = ViewModels;
			sourceTree = "<group>";
		};
		5CB608FC2C355383003DB576 /* Views */ = {
			isa = PBXGroup;
			children = (
			);
			path = Views;
			sourceTree = "<group>";
		};
		5CB608FD2C355389003DB576 /* Models */ = {
			isa = PBXGroup;
			children = (
			);
			path = Models;
			sourceTree = "<group>";
		};
		5CB608FE2C35538E003DB576 /* Screens */ = {
			isa = PBXGroup;
			children = (
				5C363D302C359D2100B2ED0B /* SavedListsView.swift */,
			);
			path = Screens;
			sourceTree = "<group>";
		};
		5CB608FF2C355393003DB576 /* Views */ = {
			isa = PBXGroup;
			children = (
				5C363D342C35A00300B2ED0B /* TaskListView.swift */,
			);
			path = Views;
			sourceTree = "<group>";
		};
		5CB609002C35539E003DB576 /* ViewModels */ = {
			isa = PBXGroup;
			children = (
				5C363D322C359D3800B2ED0B /* SavedListsViewModel.swift */,
			);
			path = ViewModels;
			sourceTree = "<group>";
		};
		5CB609012C3553AC003DB576 /* Actions */ = {
			isa = PBXGroup;
			children = (
				4D50C58C2C342ECC00648A2A /* OpenAIService.swift */,
				4D50C58D2C342ECC00648A2A /* PromptTemplate.swift */,
				5CB609062C355435003DB576 /* SampleData */,
			);
			path = Actions;
			sourceTree = "<group>";
		};
		5CB609022C3553B3003DB576 /* Models */ = {
			isa = PBXGroup;
			children = (
				4D50C5C72C37C23A00648A2A /* TaskEntity+CoreDataClass.swift */,
				4D50C5C82C37C23A00648A2A /* TaskEntity+CoreDataProperties.swift */,
				4D50C5C92C37C23A00648A2A /* ListEntity+CoreDataClass.swift */,
				4D50C5CA2C37C23A00648A2A /* ListEntity+CoreDataProperties.swift */,
			);
			path = Models;
			sourceTree = "<group>";
		};
		5CB609032C3553B8003DB576 /* Screens */ = {
			isa = PBXGroup;
			children = (
				5CB608BF2C2C4770003DB576 /* AddNewTaskView.swift */,
				5CB608C42C2C4DD1003DB576 /* TasksView.swift */,
				5CBEDD072C3589C000EC60F1 /* CoreDataCheckView.swift */,
			);
			path = Screens;
			sourceTree = "<group>";
		};
		5CB609042C3553BD003DB576 /* ViewModels */ = {
			isa = PBXGroup;
			children = (
				5CB608C62C2C4DE7003DB576 /* TasksViewModel.swift */,
				5C5646452C2C417400956423 /* NewTaskViewViewModel.swift */,
			);
			path = ViewModels;
			sourceTree = "<group>";
		};
		5CB609052C3553C3003DB576 /* Views */ = {
			isa = PBXGroup;
			children = (
			);
			path = Views;
			sourceTree = "<group>";
		};
		5CB609062C355435003DB576 /* SampleData */ = {
			isa = PBXGroup;
			children = (
				4D50C5952C342F9100648A2A /* SampleData.json */,
			);
			path = SampleData;
			sourceTree = "<group>";
		};
		5CBEDD062C355BB700EC60F1 /* ProjectFiles */ = {
			isa = PBXGroup;
			children = (
				5C5646092C2B10D100956423 /* akaPrepApp.swift */,
				5C56460B2C2B10D100956423 /* ContentView.swift */,
				4D50C5AB2C35AC4E00648A2A /* WelcomeView.swift */,
			);
			path = ProjectFiles;
			sourceTree = "<group>";
		};
/* End PBXGroup section */

/* Begin PBXNativeTarget section */
		5C5646052C2B10D100956423 /* akaPrep */ = {
			isa = PBXNativeTarget;
			buildConfigurationList = 5C56462F2C2B10D200956423 /* Build configuration list for PBXNativeTarget "akaPrep" */;
			buildPhases = (
				5C5646022C2B10D100956423 /* Sources */,
				5C5646032C2B10D100956423 /* Frameworks */,
				5C5646042C2B10D100956423 /* Resources */,
			);
			buildRules = (
			);
			dependencies = (
			);
			name = akaPrep;
			packageProductDependencies = (
			);
			productName = akaPrep;
			productReference = 5C5646062C2B10D100956423 /* akaPrep.app */;
			productType = "com.apple.product-type.application";
		};
		5C56461A2C2B10D200956423 /* akaPrepTests */ = {
			isa = PBXNativeTarget;
			buildConfigurationList = 5C5646322C2B10D200956423 /* Build configuration list for PBXNativeTarget "akaPrepTests" */;
			buildPhases = (
				5C5646172C2B10D200956423 /* Sources */,
				5C5646182C2B10D200956423 /* Frameworks */,
				5C5646192C2B10D200956423 /* Resources */,
			);
			buildRules = (
			);
			dependencies = (
				5C56461D2C2B10D200956423 /* PBXTargetDependency */,
			);
			name = akaPrepTests;
			productName = akaPrepTests;
			productReference = 5C56461B2C2B10D200956423 /* akaPrepTests.xctest */;
			productType = "com.apple.product-type.bundle.unit-test";
		};
		5C5646242C2B10D200956423 /* akaPrepUITests */ = {
			isa = PBXNativeTarget;
			buildConfigurationList = 5C5646352C2B10D200956423 /* Build configuration list for PBXNativeTarget "akaPrepUITests" */;
			buildPhases = (
				5C5646212C2B10D200956423 /* Sources */,
				5C5646222C2B10D200956423 /* Frameworks */,
				5C5646232C2B10D200956423 /* Resources */,
			);
			buildRules = (
			);
			dependencies = (
				5C5646272C2B10D200956423 /* PBXTargetDependency */,
			);
			name = akaPrepUITests;
			productName = akaPrepUITests;
			productReference = 5C5646252C2B10D200956423 /* akaPrepUITests.xctest */;
			productType = "com.apple.product-type.bundle.ui-testing";
		};
/* End PBXNativeTarget section */

/* Begin PBXProject section */
		5C5645FE2C2B10D100956423 /* Project object */ = {
			isa = PBXProject;
			attributes = {
				BuildIndependentTargetsInParallel = 1;
				LastSwiftUpdateCheck = 1540;
				LastUpgradeCheck = 1540;
				TargetAttributes = {
					5C5646052C2B10D100956423 = {
						CreatedOnToolsVersion = 15.4;
					};
					5C56461A2C2B10D200956423 = {
						CreatedOnToolsVersion = 15.4;
						TestTargetID = 5C5646052C2B10D100956423;
					};
					5C5646242C2B10D200956423 = {
						CreatedOnToolsVersion = 15.4;
						TestTargetID = 5C5646052C2B10D100956423;
					};
				};
			};
			buildConfigurationList = 5C5646012C2B10D100956423 /* Build configuration list for PBXProject "akaPrep" */;
			compatibilityVersion = "Xcode 14.0";
			developmentRegion = en;
			hasScannedForEncodings = 0;
			knownRegions = (
				en,
				Base,
			);
			mainGroup = 5C5645FD2C2B10D100956423;
			packageReferences = (
			);
			productRefGroup = 5C5646072C2B10D100956423 /* Products */;
			projectDirPath = "";
			projectRoot = "";
			targets = (
				5C5646052C2B10D100956423 /* akaPrep */,
				5C56461A2C2B10D200956423 /* akaPrepTests */,
				5C5646242C2B10D200956423 /* akaPrepUITests */,
			);
		};
/* End PBXProject section */

/* Begin PBXResourcesBuildPhase section */
		5C5646042C2B10D100956423 /* Resources */ = {
			isa = PBXResourcesBuildPhase;
			buildActionMask = 2147483647;
			files = (
				5C5646112C2B10D200956423 /* Preview Assets.xcassets in Resources */,
				5CB608E92C342A13003DB576 /* Localizable.strings in Resources */,
				4D50C5862C30672500648A2A /* Config.plist in Resources */,
				5C56460E2C2B10D200956423 /* Assets.xcassets in Resources */,
				4D50C5962C342F9100648A2A /* SampleData.json in Resources */,
			);
			runOnlyForDeploymentPostprocessing = 0;
		};
		5C5646192C2B10D200956423 /* Resources */ = {
			isa = PBXResourcesBuildPhase;
			buildActionMask = 2147483647;
			files = (
			);
			runOnlyForDeploymentPostprocessing = 0;
		};
		5C5646232C2B10D200956423 /* Resources */ = {
			isa = PBXResourcesBuildPhase;
			buildActionMask = 2147483647;
			files = (
			);
			runOnlyForDeploymentPostprocessing = 0;
		};
/* End PBXResourcesBuildPhase section */

/* Begin PBXSourcesBuildPhase section */
		5C5646022C2B10D100956423 /* Sources */ = {
			isa = PBXSourcesBuildPhase;
			buildActionMask = 2147483647;
			files = (
				5CB608F42C354F66003DB576 /* BabyInfoViewModel.swift in Sources */,
				5CB609072C35557B003DB576 /* ProfileView.swift in Sources */,
				5CB608DD2C32E4A2003DB576 /* ProfileCardView.swift in Sources */,
				5C5646162C2B10D200956423 /* akaPrep.xcdatamodeld in Sources */,
				5CB608E52C342999003DB576 /* Enums.swift in Sources */,
				4D50C5A62C358F3A00648A2A /* GoalEntity.swift in Sources */,
				5CB608C72C2C4DE7003DB576 /* TasksViewModel.swift in Sources */,
				5C363D332C359D3800B2ED0B /* SavedListsViewModel.swift in Sources */,
				5C5646132C2B10D200956423 /* Persistence.swift in Sources */,
				5CB608E32C3405F2003DB576 /* YearMonthPickerView.swift in Sources */,
				5C56460C2C2B10D100956423 /* ContentView.swift in Sources */,
				4D50C5AA2C3592D700648A2A /* GoalsView.swift in Sources */,
				5CB608C52C2C4DD1003DB576 /* TasksView.swift in Sources */,
				5CB608E12C33FF75003DB576 /* PersonalInfoView.swift in Sources */,
				4D50C5AC2C35AC4E00648A2A /* WelcomeView.swift in Sources */,
				5CB608D92C303F83003DB576 /* BottomBarView.swift in Sources */,
				5CB608F22C354F3A003DB576 /* BabyInfoView.swift in Sources */,
				5C363D312C359D2100B2ED0B /* SavedListsView.swift in Sources */,
				4D50C5922C342ECC00648A2A /* PromptTemplate.swift in Sources */,
				5CB608C02C2C4770003DB576 /* AddNewTaskView.swift in Sources */,
				5CBEDD082C3589C000EC60F1 /* CoreDataCheckView.swift in Sources */,
				4D50C5912C342ECC00648A2A /* OpenAIService.swift in Sources */,
				4D50C5CB2C37C23A00648A2A /* TaskEntity+CoreDataClass.swift in Sources */,
				4D50C5CC2C37C23A00648A2A /* TaskEntity+CoreDataProperties.swift in Sources */,
				4D50C5CD2C37C23A00648A2A /* ListEntity+CoreDataClass.swift in Sources */,
				4D50C5CE2C37C23A00648A2A /* ListEntity+CoreDataProperties.swift in Sources */,
				5C56460A2C2B10D100956423 /* akaPrepApp.swift in Sources */,
				5C363D352C35A00300B2ED0B /* TaskListView.swift in Sources */,
				5CB608C32C2C4B0E003DB576 /* Utilities.swift in Sources */,
				4D50C5A82C35915200648A2A /* GoalsViewModel.swift in Sources */,
				5CB608EB2C343C92003DB576 /* PersonalInfoViewModel.swift in Sources */,
				5CB608D52C302D21003DB576 /* ProfileEntity.swift in Sources */,
				4D50C5882C30675400648A2A /* Config.swift in Sources */,
				5CB608D72C303729003DB576 /* BabyEntity.swift in Sources */,
				5C5646462C2C417400956423 /* NewTaskViewViewModel.swift in Sources */,
			);
			runOnlyForDeploymentPostprocessing = 0;
		};
		5C5646172C2B10D200956423 /* Sources */ = {
			isa = PBXSourcesBuildPhase;
			buildActionMask = 2147483647;
			files = (
				5C5646202C2B10D200956423 /* akaPrepTests.swift in Sources */,
			);
			runOnlyForDeploymentPostprocessing = 0;
		};
		5C5646212C2B10D200956423 /* Sources */ = {
			isa = PBXSourcesBuildPhase;
			buildActionMask = 2147483647;
			files = (
				5C56462A2C2B10D200956423 /* akaPrepUITests.swift in Sources */,
				5C56462C2C2B10D200956423 /* akaPrepUITestsLaunchTests.swift in Sources */,
			);
			runOnlyForDeploymentPostprocessing = 0;
		};
/* End PBXSourcesBuildPhase section */

/* Begin PBXTargetDependency section */
		5C56461D2C2B10D200956423 /* PBXTargetDependency */ = {
			isa = PBXTargetDependency;
			target = 5C5646052C2B10D100956423 /* akaPrep */;
			targetProxy = 5C56461C2C2B10D200956423 /* PBXContainerItemProxy */;
		};
		5C5646272C2B10D200956423 /* PBXTargetDependency */ = {
			isa = PBXTargetDependency;
			target = 5C5646052C2B10D100956423 /* akaPrep */;
			targetProxy = 5C5646262C2B10D200956423 /* PBXContainerItemProxy */;
		};
/* End PBXTargetDependency section */

/* Begin PBXVariantGroup section */
		5CB608E72C342A13003DB576 /* Localizable.strings */ = {
			isa = PBXVariantGroup;
			children = (
				5CB608E82C342A13003DB576 /* en */,
			);
			name = Localizable.strings;
			sourceTree = "<group>";
		};
/* End PBXVariantGroup section */

/* Begin XCBuildConfiguration section */
		5C56462D2C2B10D200956423 /* Debug */ = {
			isa = XCBuildConfiguration;
			buildSettings = {
				ALWAYS_SEARCH_USER_PATHS = NO;
				ASSETCATALOG_COMPILER_GENERATE_SWIFT_ASSET_SYMBOL_EXTENSIONS = YES;
				CLANG_ANALYZER_NONNULL = YES;
				CLANG_ANALYZER_NUMBER_OBJECT_CONVERSION = YES_AGGRESSIVE;
				CLANG_CXX_LANGUAGE_STANDARD = "gnu++20";
				CLANG_ENABLE_MODULES = YES;
				CLANG_ENABLE_OBJC_ARC = YES;
				CLANG_ENABLE_OBJC_WEAK = YES;
				CLANG_WARN_BLOCK_CAPTURE_AUTORELEASING = YES;
				CLANG_WARN_BOOL_CONVERSION = YES;
				CLANG_WARN_COMMA = YES;
				CLANG_WARN_CONSTANT_CONVERSION = YES;
				CLANG_WARN_DEPRECATED_OBJC_IMPLEMENTATIONS = YES;
				CLANG_WARN_DIRECT_OBJC_ISA_USAGE = YES_ERROR;
				CLANG_WARN_DOCUMENTATION_COMMENTS = YES;
				CLANG_WARN_EMPTY_BODY = YES;
				CLANG_WARN_ENUM_CONVERSION = YES;
				CLANG_WARN_INFINITE_RECURSION = YES;
				CLANG_WARN_INT_CONVERSION = YES;
				CLANG_WARN_NON_LITERAL_NULL_CONVERSION = YES;
				CLANG_WARN_OBJC_IMPLICIT_RETAIN_SELF = YES;
				CLANG_WARN_OBJC_LITERAL_CONVERSION = YES;
				CLANG_WARN_OBJC_ROOT_CLASS = YES_ERROR;
				CLANG_WARN_QUOTED_INCLUDE_IN_FRAMEWORK_HEADER = YES;
				CLANG_WARN_RANGE_LOOP_ANALYSIS = YES;
				CLANG_WARN_STRICT_PROTOTYPES = YES;
				CLANG_WARN_SUSPICIOUS_MOVE = YES;
				CLANG_WARN_UNGUARDED_AVAILABILITY = YES_AGGRESSIVE;
				CLANG_WARN_UNREACHABLE_CODE = YES;
				CLANG_WARN__DUPLICATE_METHOD_MATCH = YES;
				COPY_PHASE_STRIP = NO;
				DEBUG_INFORMATION_FORMAT = dwarf;
				ENABLE_STRICT_OBJC_MSGSEND = YES;
				ENABLE_TESTABILITY = YES;
				ENABLE_USER_SCRIPT_SANDBOXING = YES;
				GCC_C_LANGUAGE_STANDARD = gnu17;
				GCC_DYNAMIC_NO_PIC = NO;
				GCC_NO_COMMON_BLOCKS = YES;
				GCC_OPTIMIZATION_LEVEL = 0;
				GCC_PREPROCESSOR_DEFINITIONS = (
					"DEBUG=1",
					"$(inherited)",
				);
				GCC_WARN_64_TO_32_BIT_CONVERSION = YES;
				GCC_WARN_ABOUT_RETURN_TYPE = YES_ERROR;
				GCC_WARN_UNDECLARED_SELECTOR = YES;
				GCC_WARN_UNINITIALIZED_AUTOS = YES_AGGRESSIVE;
				GCC_WARN_UNUSED_FUNCTION = YES;
				GCC_WARN_UNUSED_VARIABLE = YES;
				IPHONEOS_DEPLOYMENT_TARGET = 17.5;
				LOCALIZATION_PREFERS_STRING_CATALOGS = YES;
				MTL_ENABLE_DEBUG_INFO = INCLUDE_SOURCE;
				MTL_FAST_MATH = YES;
				ONLY_ACTIVE_ARCH = YES;
				SDKROOT = iphoneos;
				SWIFT_ACTIVE_COMPILATION_CONDITIONS = "DEBUG $(inherited)";
				SWIFT_OPTIMIZATION_LEVEL = "-Onone";
			};
			name = Debug;
		};
		5C56462E2C2B10D200956423 /* Release */ = {
			isa = XCBuildConfiguration;
			buildSettings = {
				ALWAYS_SEARCH_USER_PATHS = NO;
				ASSETCATALOG_COMPILER_GENERATE_SWIFT_ASSET_SYMBOL_EXTENSIONS = YES;
				CLANG_ANALYZER_NONNULL = YES;
				CLANG_ANALYZER_NUMBER_OBJECT_CONVERSION = YES_AGGRESSIVE;
				CLANG_CXX_LANGUAGE_STANDARD = "gnu++20";
				CLANG_ENABLE_MODULES = YES;
				CLANG_ENABLE_OBJC_ARC = YES;
				CLANG_ENABLE_OBJC_WEAK = YES;
				CLANG_WARN_BLOCK_CAPTURE_AUTORELEASING = YES;
				CLANG_WARN_BOOL_CONVERSION = YES;
				CLANG_WARN_COMMA = YES;
				CLANG_WARN_CONSTANT_CONVERSION = YES;
				CLANG_WARN_DEPRECATED_OBJC_IMPLEMENTATIONS = YES;
				CLANG_WARN_DIRECT_OBJC_ISA_USAGE = YES_ERROR;
				CLANG_WARN_DOCUMENTATION_COMMENTS = YES;
				CLANG_WARN_EMPTY_BODY = YES;
				CLANG_WARN_ENUM_CONVERSION = YES;
				CLANG_WARN_INFINITE_RECURSION = YES;
				CLANG_WARN_INT_CONVERSION = YES;
				CLANG_WARN_NON_LITERAL_NULL_CONVERSION = YES;
				CLANG_WARN_OBJC_IMPLICIT_RETAIN_SELF = YES;
				CLANG_WARN_OBJC_LITERAL_CONVERSION = YES;
				CLANG_WARN_OBJC_ROOT_CLASS = YES_ERROR;
				CLANG_WARN_QUOTED_INCLUDE_IN_FRAMEWORK_HEADER = YES;
				CLANG_WARN_RANGE_LOOP_ANALYSIS = YES;
				CLANG_WARN_STRICT_PROTOTYPES = YES;
				CLANG_WARN_SUSPICIOUS_MOVE = YES;
				CLANG_WARN_UNGUARDED_AVAILABILITY = YES_AGGRESSIVE;
				CLANG_WARN_UNREACHABLE_CODE = YES;
				CLANG_WARN__DUPLICATE_METHOD_MATCH = YES;
				COPY_PHASE_STRIP = NO;
				DEBUG_INFORMATION_FORMAT = "dwarf-with-dsym";
				ENABLE_NS_ASSERTIONS = NO;
				ENABLE_STRICT_OBJC_MSGSEND = YES;
				ENABLE_USER_SCRIPT_SANDBOXING = YES;
				GCC_C_LANGUAGE_STANDARD = gnu17;
				GCC_NO_COMMON_BLOCKS = YES;
				GCC_WARN_64_TO_32_BIT_CONVERSION = YES;
				GCC_WARN_ABOUT_RETURN_TYPE = YES_ERROR;
				GCC_WARN_UNDECLARED_SELECTOR = YES;
				GCC_WARN_UNINITIALIZED_AUTOS = YES_AGGRESSIVE;
				GCC_WARN_UNUSED_FUNCTION = YES;
				GCC_WARN_UNUSED_VARIABLE = YES;
				IPHONEOS_DEPLOYMENT_TARGET = 17.5;
				LOCALIZATION_PREFERS_STRING_CATALOGS = YES;
				MTL_ENABLE_DEBUG_INFO = NO;
				MTL_FAST_MATH = YES;
				SDKROOT = iphoneos;
				SWIFT_COMPILATION_MODE = wholemodule;
				VALIDATE_PRODUCT = YES;
			};
			name = Release;
		};
		5C5646302C2B10D200956423 /* Debug */ = {
			isa = XCBuildConfiguration;
			buildSettings = {
				ASSETCATALOG_COMPILER_APPICON_NAME = AppIcon;
				ASSETCATALOG_COMPILER_GLOBAL_ACCENT_COLOR_NAME = AccentColor;
				CODE_SIGN_STYLE = Automatic;
				CURRENT_PROJECT_VERSION = 1;
				DEVELOPMENT_ASSET_PATHS = "\"akaPrep/Preview Content\"";
				DEVELOPMENT_TEAM = 73JBJ22DZF;
				ENABLE_PREVIEWS = YES;
				GENERATE_INFOPLIST_FILE = YES;
				INFOPLIST_KEY_UIApplicationSceneManifest_Generation = YES;
				INFOPLIST_KEY_UIApplicationSupportsIndirectInputEvents = YES;
				INFOPLIST_KEY_UILaunchScreen_Generation = YES;
				INFOPLIST_KEY_UISupportedInterfaceOrientations_iPad = "UIInterfaceOrientationPortrait UIInterfaceOrientationPortraitUpsideDown UIInterfaceOrientationLandscapeLeft UIInterfaceOrientationLandscapeRight";
				INFOPLIST_KEY_UISupportedInterfaceOrientations_iPhone = "UIInterfaceOrientationPortrait UIInterfaceOrientationLandscapeLeft UIInterfaceOrientationLandscapeRight";
				LD_RUNPATH_SEARCH_PATHS = (
					"$(inherited)",
					"@executable_path/Frameworks",
				);
				MARKETING_VERSION = 1.0;
				PRODUCT_BUNDLE_IDENTIFIER = com.naoto.akaPrep;
				PRODUCT_NAME = "$(TARGET_NAME)";
				SWIFT_EMIT_LOC_STRINGS = YES;
				SWIFT_VERSION = 5.0;
				TARGETED_DEVICE_FAMILY = "1,2";
			};
			name = Debug;
		};
		5C5646312C2B10D200956423 /* Release */ = {
			isa = XCBuildConfiguration;
			buildSettings = {
				ASSETCATALOG_COMPILER_APPICON_NAME = AppIcon;
				ASSETCATALOG_COMPILER_GLOBAL_ACCENT_COLOR_NAME = AccentColor;
				CODE_SIGN_STYLE = Automatic;
				CURRENT_PROJECT_VERSION = 1;
				DEVELOPMENT_ASSET_PATHS = "\"akaPrep/Preview Content\"";
				DEVELOPMENT_TEAM = 73JBJ22DZF;
				ENABLE_PREVIEWS = YES;
				GENERATE_INFOPLIST_FILE = YES;
				INFOPLIST_KEY_UIApplicationSceneManifest_Generation = YES;
				INFOPLIST_KEY_UIApplicationSupportsIndirectInputEvents = YES;
				INFOPLIST_KEY_UILaunchScreen_Generation = YES;
				INFOPLIST_KEY_UISupportedInterfaceOrientations_iPad = "UIInterfaceOrientationPortrait UIInterfaceOrientationPortraitUpsideDown UIInterfaceOrientationLandscapeLeft UIInterfaceOrientationLandscapeRight";
				INFOPLIST_KEY_UISupportedInterfaceOrientations_iPhone = "UIInterfaceOrientationPortrait UIInterfaceOrientationLandscapeLeft UIInterfaceOrientationLandscapeRight";
				LD_RUNPATH_SEARCH_PATHS = (
					"$(inherited)",
					"@executable_path/Frameworks",
				);
				MARKETING_VERSION = 1.0;
				PRODUCT_BUNDLE_IDENTIFIER = com.naoto.akaPrep;
				PRODUCT_NAME = "$(TARGET_NAME)";
				SWIFT_EMIT_LOC_STRINGS = YES;
				SWIFT_VERSION = 5.0;
				TARGETED_DEVICE_FAMILY = "1,2";
			};
			name = Release;
		};
		5C5646332C2B10D200956423 /* Debug */ = {
			isa = XCBuildConfiguration;
			buildSettings = {
				ALWAYS_EMBED_SWIFT_STANDARD_LIBRARIES = YES;
				BUNDLE_LOADER = "$(TEST_HOST)";
				CODE_SIGN_STYLE = Automatic;
				CURRENT_PROJECT_VERSION = 1;
				DEVELOPMENT_TEAM = 73JBJ22DZF;
				GENERATE_INFOPLIST_FILE = YES;
				IPHONEOS_DEPLOYMENT_TARGET = 17.5;
				MARKETING_VERSION = 1.0;
				PRODUCT_BUNDLE_IDENTIFIER = com.naoto.akaPrepTests;
				PRODUCT_NAME = "$(TARGET_NAME)";
				SWIFT_EMIT_LOC_STRINGS = NO;
				SWIFT_VERSION = 5.0;
				TARGETED_DEVICE_FAMILY = "1,2";
				TEST_HOST = "$(BUILT_PRODUCTS_DIR)/akaPrep.app/$(BUNDLE_EXECUTABLE_FOLDER_PATH)/akaPrep";
			};
			name = Debug;
		};
		5C5646342C2B10D200956423 /* Release */ = {
			isa = XCBuildConfiguration;
			buildSettings = {
				ALWAYS_EMBED_SWIFT_STANDARD_LIBRARIES = YES;
				BUNDLE_LOADER = "$(TEST_HOST)";
				CODE_SIGN_STYLE = Automatic;
				CURRENT_PROJECT_VERSION = 1;
				DEVELOPMENT_TEAM = 73JBJ22DZF;
				GENERATE_INFOPLIST_FILE = YES;
				IPHONEOS_DEPLOYMENT_TARGET = 17.5;
				MARKETING_VERSION = 1.0;
				PRODUCT_BUNDLE_IDENTIFIER = com.naoto.akaPrepTests;
				PRODUCT_NAME = "$(TARGET_NAME)";
				SWIFT_EMIT_LOC_STRINGS = NO;
				SWIFT_VERSION = 5.0;
				TARGETED_DEVICE_FAMILY = "1,2";
				TEST_HOST = "$(BUILT_PRODUCTS_DIR)/akaPrep.app/$(BUNDLE_EXECUTABLE_FOLDER_PATH)/akaPrep";
			};
			name = Release;
		};
		5C5646362C2B10D200956423 /* Debug */ = {
			isa = XCBuildConfiguration;
			buildSettings = {
				ALWAYS_EMBED_SWIFT_STANDARD_LIBRARIES = YES;
				CODE_SIGN_STYLE = Automatic;
				CURRENT_PROJECT_VERSION = 1;
				DEVELOPMENT_TEAM = 73JBJ22DZF;
				GENERATE_INFOPLIST_FILE = YES;
				MARKETING_VERSION = 1.0;
				PRODUCT_BUNDLE_IDENTIFIER = com.naoto.akaPrepUITests;
				PRODUCT_NAME = "$(TARGET_NAME)";
				SWIFT_EMIT_LOC_STRINGS = NO;
				SWIFT_VERSION = 5.0;
				TARGETED_DEVICE_FAMILY = "1,2";
				TEST_TARGET_NAME = akaPrep;
			};
			name = Debug;
		};
		5C5646372C2B10D200956423 /* Release */ = {
			isa = XCBuildConfiguration;
			buildSettings = {
				ALWAYS_EMBED_SWIFT_STANDARD_LIBRARIES = YES;
				CODE_SIGN_STYLE = Automatic;
				CURRENT_PROJECT_VERSION = 1;
				DEVELOPMENT_TEAM = 73JBJ22DZF;
				GENERATE_INFOPLIST_FILE = YES;
				MARKETING_VERSION = 1.0;
				PRODUCT_BUNDLE_IDENTIFIER = com.naoto.akaPrepUITests;
				PRODUCT_NAME = "$(TARGET_NAME)";
				SWIFT_EMIT_LOC_STRINGS = NO;
				SWIFT_VERSION = 5.0;
				TARGETED_DEVICE_FAMILY = "1,2";
				TEST_TARGET_NAME = akaPrep;
			};
			name = Release;
		};
/* End XCBuildConfiguration section */

/* Begin XCConfigurationList section */
		5C5646012C2B10D100956423 /* Build configuration list for PBXProject "akaPrep" */ = {
			isa = XCConfigurationList;
			buildConfigurations = (
				5C56462D2C2B10D200956423 /* Debug */,
				5C56462E2C2B10D200956423 /* Release */,
			);
			defaultConfigurationIsVisible = 0;
			defaultConfigurationName = Release;
		};
		5C56462F2C2B10D200956423 /* Build configuration list for PBXNativeTarget "akaPrep" */ = {
			isa = XCConfigurationList;
			buildConfigurations = (
				5C5646302C2B10D200956423 /* Debug */,
				5C5646312C2B10D200956423 /* Release */,
			);
			defaultConfigurationIsVisible = 0;
			defaultConfigurationName = Release;
		};
		5C5646322C2B10D200956423 /* Build configuration list for PBXNativeTarget "akaPrepTests" */ = {
			isa = XCConfigurationList;
			buildConfigurations = (
				5C5646332C2B10D200956423 /* Debug */,
				5C5646342C2B10D200956423 /* Release */,
			);
			defaultConfigurationIsVisible = 0;
			defaultConfigurationName = Release;
		};
		5C5646352C2B10D200956423 /* Build configuration list for PBXNativeTarget "akaPrepUITests" */ = {
			isa = XCConfigurationList;
			buildConfigurations = (
				5C5646362C2B10D200956423 /* Debug */,
				5C5646372C2B10D200956423 /* Release */,
			);
			defaultConfigurationIsVisible = 0;
			defaultConfigurationName = Release;
		};
/* End XCConfigurationList section */

/* Begin XCVersionGroup section */
		5C5646142C2B10D200956423 /* akaPrep.xcdatamodeld */ = {
			isa = XCVersionGroup;
			children = (
				5C5646152C2B10D200956423 /* akaPrep.xcdatamodel */,
			);
			currentVersion = 5C5646152C2B10D200956423 /* akaPrep.xcdatamodel */;
			path = akaPrep.xcdatamodeld;
			sourceTree = "<group>";
			versionGroupType = wrapper.xcdatamodel;
		};
/* End XCVersionGroup section */
	};
	rootObject = 5C5645FE2C2B10D100956423 /* Project object */;
}
